
Microsoft Visual Studio Solution File, Format Version 12.00
# Visual Studio Version 17
VisualStudioVersion = 17.14.36717.8
MinimumVisualStudioVersion = 10.0.40219.1
Project("{2150E333-8FDC-42A3-9474-1A3956D46DE8}") = "Task0", "Task0", "{02EA681E-C7D8-13C7-8484-4AC65E1B71E8}"
EndProject
Project("{FAE04EC0-301F-11D3-BF4B-00C04F79EFBC}") = "Tyuiu.MitrofanovaPV.Sprint6.Task0.V25.Lib", "Tyuiu.MitrofanovaPV.Sprint6.Task0.V25.Lib\Tyuiu.MitrofanovaPV.Sprint6.Task0.V25.Lib.csproj", "{36A00D0D-B74D-47F3-901C-D619548CAFD0}"
EndProject
Project("{FAE04EC0-301F-11D3-BF4B-00C04F79EFBC}") = "Tyuiu.MitrofanovaPV.Sprint6.Task0.V25.Test", "Tyuiu.MitrofanovaPV.Sprint6.Task0.V25.Test\Tyuiu.MitrofanovaPV.Sprint6.Task0.V25.Test.csproj", "{94221B6C-D8FA-47FA-B34D-9099D7133328}"
EndProject
Project("{FAE04EC0-301F-11D3-BF4B-00C04F79EFBC}") = "Tyuiu.MitrofanovaPV.Sprint6.Task0.V25", "Tyuiu.MitrofanovaPV.Sprint6.Task0.V25\Tyuiu.MitrofanovaPV.Sprint6.Task0.V25.csproj", "{5771BE80-36C3-442F-B921-67CB30E8B659}"
EndProject
Project("{2150E333-8FDC-42A3-9474-1A3956D46DE8}") = "Task1", "Task1", "{AAF6E459-9887-4F35-AAA2-A4F1D70836C5}"
EndProject
Project("{FAE04EC0-301F-11D3-BF4B-00C04F79EFBC}") = "Tyuiu.MitrofanovaPV.Sprint6.Task1.V25.Test", "Tyuiu.MitrofanovaPV.Sprint6.Task1.V25.Test\Tyuiu.MitrofanovaPV.Sprint6.Task1.V25.Test.csproj", "{079C2E29-A049-48EF-AD13-94EAAA00AEFE}"
EndProject
Project("{FAE04EC0-301F-11D3-BF4B-00C04F79EFBC}") = "Tyuiu.MitrofanovaPV.Sprint6.Task1.V25.Lib", "Tyuiu.MitrofanovaPV.Sprint6.Task1.V25.Lib\Tyuiu.MitrofanovaPV.Sprint6.Task1.V25.Lib.csproj", "{827A08C1-A9DA-45DA-86BC-242C277B0C5F}"
EndProject
Project("{FAE04EC0-301F-11D3-BF4B-00C04F79EFBC}") = "Tyuiu.MitrofanovaPV.Sprint6.Task1.V25", "Tyuiu.MitrofanovaPV.Sprint6.Task1.V25\Tyuiu.MitrofanovaPV.Sprint6.Task1.V25.csproj", "{BA65F61C-A729-45F7-9BA2-9546AD9BAE8E}"
EndProject
Project("{2150E333-8FDC-42A3-9474-1A3956D46DE8}") = "Task2", "Task2", "{C5F07CC2-D1A6-4ABA-B5EE-FABCB1FD3F09}"
EndProject
Project("{FAE04EC0-301F-11D3-BF4B-00C04F79EFBC}") = "Tyuiu.MitrofanovaPV.Sprint6.Task2.V4.Lib", "Tyuiu.MitrofanovaPV.Sprint6.Task2.V4.Lib\Tyuiu.MitrofanovaPV.Sprint6.Task2.V4.Lib.csproj", "{3AF891B8-A600-4C16-A093-FFF1AECB511B}"
EndProject
Project("{FAE04EC0-301F-11D3-BF4B-00C04F79EFBC}") = "Tyuiu.MitrofanovaPV.Sprint6.Task2.V4.Test", "Tyuiu.MitrofanovaPV.Sprint6.Task2.V4.Test\Tyuiu.MitrofanovaPV.Sprint6.Task2.V4.Test.csproj", "{C186F6B2-3775-4FC4-93DE-522B87361BA5}"
EndProject
Project("{FAE04EC0-301F-11D3-BF4B-00C04F79EFBC}") = "Tyuiu.MitrofanovaPV.Sprint6.Task2.V4", "Tyuiu.MitrofanovaPV.Sprint6.Task2.V4\Tyuiu.MitrofanovaPV.Sprint6.Task2.V4.csproj", "{3D27DE16-BC59-43C3-A9C7-F4B88A5F4E2D}"
EndProject
Project("{2150E333-8FDC-42A3-9474-1A3956D46DE8}") = "Task3", "Task3", "{1210C117-7E6F-4774-A857-22A9CB715FB1}"
EndProject
Project("{FAE04EC0-301F-11D3-BF4B-00C04F79EFBC}") = "Tyuiu.MitrofanovaPV.Sprint6.Task3.V30.Test", "Tyuiu.MitrofanovaPV.Sprint6.Task3.V30.Test\Tyuiu.MitrofanovaPV.Sprint6.Task3.V30.Test.csproj", "{C8F305F4-CF53-4FBF-85A5-A4ED0A2E6CE1}"
EndProject
Project("{FAE04EC0-301F-11D3-BF4B-00C04F79EFBC}") = "Tyuiu.MitrofanovaPV.Sprint6.Task3.V30.Lib", "Tyuiu.MitrofanovaPV.Sprint6.Task3.V30.Lib\Tyuiu.MitrofanovaPV.Sprint6.Task3.V30.Lib.csproj", "{E0FDC6C9-9CFC-4580-AE63-F11E50962F97}"
EndProject
Project("{FAE04EC0-301F-11D3-BF4B-00C04F79EFBC}") = "Tyuiu.MitrofanovaPV.Sprint6.Task3.V30", "Tyuiu.MitrofanovaPV.Sprint6.Task3.V30\Tyuiu.MitrofanovaPV.Sprint6.Task3.V30.csproj", "{63CDBFC8-308C-4BE3-824D-F6781DC69D2F}"
EndProject
Project("{2150E333-8FDC-42A3-9474-1A3956D46DE8}") = "Task4", "Task4", "{E264B972-3BB1-4C7A-864B-9E6621FB5914}"
EndProject
Project("{FAE04EC0-301F-11D3-BF4B-00C04F79EFBC}") = "WinFormsAppChart", "WinFormsAppChart\WinFormsAppChart\WinFormsAppChart.csproj", "{E3D304ED-56F3-6A4E-3723-2D7558049CA6}"
EndProject
Project("{FAE04EC0-301F-11D3-BF4B-00C04F79EFBC}") = "Tyuiu.MitrofanovaPV.Sprint6.Task4.V4.Test", "Tyuiu.MitrofanovaPV.Sprint6.Task4.V4.Test\Tyuiu.MitrofanovaPV.Sprint6.Task4.V4.Test.csproj", "{223CDF39-8EE3-4736-A49D-4370F61F3134}"
EndProject
Project("{FAE04EC0-301F-11D3-BF4B-00C04F79EFBC}") = "Tyuiu.MitrofanovaPV.Sprint6.Task4.V4", "Tyuiu.MitrofanovaPV.Sprint6.Task4.V4\Tyuiu.MitrofanovaPV.Sprint6.Task4.V4.csproj", "{55DC2C44-EECD-4CE2-B57B-C6A00A6E8748}"
EndProject
Project("{FAE04EC0-301F-11D3-BF4B-00C04F79EFBC}") = "Tyuiu.MitrofanovaPV.Sprint6.Task4.V4.Lib", "Tyuiu.MitrofanovaPV.Sprint6.Task4.V4.Lib\Tyuiu.MitrofanovaPV.Sprint6.Task4.V4.Lib.csproj", "{20150001-A518-4397-AB38-31013D9D7232}"
EndProject
Project("{2150E333-8FDC-42A3-9474-1A3956D46DE8}") = "Task5", "Task5", "{BFACB1A2-0000-491E-B864-663CB42D8C15}"
EndProject
Project("{2150E333-8FDC-42A3-9474-1A3956D46DE8}") = "Task6", "Task6", "{59FDC393-9B81-45BE-8032-4BDD2F816CA7}"
EndProject
Project("{2150E333-8FDC-42A3-9474-1A3956D46DE8}") = "Task7", "Task7", "{C9452F3C-EB18-4BE4-98F0-DC3B2142551B}"
EndProject
Global
	GlobalSection(SolutionConfigurationPlatforms) = preSolution
		Debug|Any CPU = Debug|Any CPU
		Release|Any CPU = Release|Any CPU
	EndGlobalSection
	GlobalSection(ProjectConfigurationPlatforms) = postSolution
		{36A00D0D-B74D-47F3-901C-D619548CAFD0}.Debug|Any CPU.ActiveCfg = Debug|Any CPU
		{36A00D0D-B74D-47F3-901C-D619548CAFD0}.Debug|Any CPU.Build.0 = Debug|Any CPU
		{36A00D0D-B74D-47F3-901C-D619548CAFD0}.Release|Any CPU.ActiveCfg = Release|Any CPU
		{36A00D0D-B74D-47F3-901C-D619548CAFD0}.Release|Any CPU.Build.0 = Release|Any CPU
		{94221B6C-D8FA-47FA-B34D-9099D7133328}.Debug|Any CPU.ActiveCfg = Debug|Any CPU
		{94221B6C-D8FA-47FA-B34D-9099D7133328}.Debug|Any CPU.Build.0 = Debug|Any CPU
		{94221B6C-D8FA-47FA-B34D-9099D7133328}.Release|Any CPU.ActiveCfg = Release|Any CPU
		{94221B6C-D8FA-47FA-B34D-9099D7133328}.Release|Any CPU.Build.0 = Release|Any CPU
		{5771BE80-36C3-442F-B921-67CB30E8B659}.Debug|Any CPU.ActiveCfg = Debug|Any CPU
		{5771BE80-36C3-442F-B921-67CB30E8B659}.Debug|Any CPU.Build.0 = Debug|Any CPU
		{5771BE80-36C3-442F-B921-67CB30E8B659}.Release|Any CPU.ActiveCfg = Release|Any CPU
		{5771BE80-36C3-442F-B921-67CB30E8B659}.Release|Any CPU.Build.0 = Release|Any CPU
		{079C2E29-A049-48EF-AD13-94EAAA00AEFE}.Debug|Any CPU.ActiveCfg = Debug|Any CPU
		{079C2E29-A049-48EF-AD13-94EAAA00AEFE}.Debug|Any CPU.Build.0 = Debug|Any CPU
		{079C2E29-A049-48EF-AD13-94EAAA00AEFE}.Release|Any CPU.ActiveCfg = Release|Any CPU
		{079C2E29-A049-48EF-AD13-94EAAA00AEFE}.Release|Any CPU.Build.0 = Release|Any CPU
		{827A08C1-A9DA-45DA-86BC-242C277B0C5F}.Debug|Any CPU.ActiveCfg = Debug|Any CPU
		{827A08C1-A9DA-45DA-86BC-242C277B0C5F}.Debug|Any CPU.Build.0 = Debug|Any CPU
		{827A08C1-A9DA-45DA-86BC-242C277B0C5F}.Release|Any CPU.ActiveCfg = Release|Any CPU
		{827A08C1-A9DA-45DA-86BC-242C277B0C5F}.Release|Any CPU.Build.0 = Release|Any CPU
		{BA65F61C-A729-45F7-9BA2-9546AD9BAE8E}.Debug|Any CPU.ActiveCfg = Debug|Any CPU
		{BA65F61C-A729-45F7-9BA2-9546AD9BAE8E}.Debug|Any CPU.Build.0 = Debug|Any CPU
		{BA65F61C-A729-45F7-9BA2-9546AD9BAE8E}.Release|Any CPU.ActiveCfg = Release|Any CPU
		{BA65F61C-A729-45F7-9BA2-9546AD9BAE8E}.Release|Any CPU.Build.0 = Release|Any CPU
		{3AF891B8-A600-4C16-A093-FFF1AECB511B}.Debug|Any CPU.ActiveCfg = Debug|Any CPU
		{3AF891B8-A600-4C16-A093-FFF1AECB511B}.Debug|Any CPU.Build.0 = Debug|Any CPU
		{3AF891B8-A600-4C16-A093-FFF1AECB511B}.Release|Any CPU.ActiveCfg = Release|Any CPU
		{3AF891B8-A600-4C16-A093-FFF1AECB511B}.Release|Any CPU.Build.0 = Release|Any CPU
		{C186F6B2-3775-4FC4-93DE-522B87361BA5}.Debug|Any CPU.ActiveCfg = Debug|Any CPU
		{C186F6B2-3775-4FC4-93DE-522B87361BA5}.Debug|Any CPU.Build.0 = Debug|Any CPU
		{C186F6B2-3775-4FC4-93DE-522B87361BA5}.Release|Any CPU.ActiveCfg = Release|Any CPU
		{C186F6B2-3775-4FC4-93DE-522B87361BA5}.Release|Any CPU.Build.0 = Release|Any CPU
		{3D27DE16-BC59-43C3-A9C7-F4B88A5F4E2D}.Debug|Any CPU.ActiveCfg = Debug|Any CPU
		{3D27DE16-BC59-43C3-A9C7-F4B88A5F4E2D}.Debug|Any CPU.Build.0 = Debug|Any CPU
		{3D27DE16-BC59-43C3-A9C7-F4B88A5F4E2D}.Release|Any CPU.ActiveCfg = Release|Any CPU
		{3D27DE16-BC59-43C3-A9C7-F4B88A5F4E2D}.Release|Any CPU.Build.0 = Release|Any CPU
		{C8F305F4-CF53-4FBF-85A5-A4ED0A2E6CE1}.Debug|Any CPU.ActiveCfg = Debug|Any CPU
		{C8F305F4-CF53-4FBF-85A5-A4ED0A2E6CE1}.Debug|Any CPU.Build.0 = Debug|Any CPU
		{C8F305F4-CF53-4FBF-85A5-A4ED0A2E6CE1}.Release|Any CPU.ActiveCfg = Release|Any CPU
		{C8F305F4-CF53-4FBF-85A5-A4ED0A2E6CE1}.Release|Any CPU.Build.0 = Release|Any CPU
		{E0FDC6C9-9CFC-4580-AE63-F11E50962F97}.Debug|Any CPU.ActiveCfg = Debug|Any CPU
		{E0FDC6C9-9CFC-4580-AE63-F11E50962F97}.Debug|Any CPU.Build.0 = Debug|Any CPU
		{E0FDC6C9-9CFC-4580-AE63-F11E50962F97}.Release|Any CPU.ActiveCfg = Release|Any CPU
		{E0FDC6C9-9CFC-4580-AE63-F11E50962F97}.Release|Any CPU.Build.0 = Release|Any CPU
		{63CDBFC8-308C-4BE3-824D-F6781DC69D2F}.Debug|Any CPU.ActiveCfg = Debug|Any CPU
		{63CDBFC8-308C-4BE3-824D-F6781DC69D2F}.Debug|Any CPU.Build.0 = Debug|Any CPU
		{63CDBFC8-308C-4BE3-824D-F6781DC69D2F}.Release|Any CPU.ActiveCfg = Release|Any CPU
		{63CDBFC8-308C-4BE3-824D-F6781DC69D2F}.Release|Any CPU.Build.0 = Release|Any CPU
		{E3D304ED-56F3-6A4E-3723-2D7558049CA6}.Debug|Any CPU.ActiveCfg = Debug|Any CPU
		{E3D304ED-56F3-6A4E-3723-2D7558049CA6}.Debug|Any CPU.Build.0 = Debug|Any CPU
		{E3D304ED-56F3-6A4E-3723-2D7558049CA6}.Release|Any CPU.ActiveCfg = Release|Any CPU
		{E3D304ED-56F3-6A4E-3723-2D7558049CA6}.Release|Any CPU.Build.0 = Release|Any CPU
		{223CDF39-8EE3-4736-A49D-4370F61F3134}.Debug|Any CPU.ActiveCfg = Debug|Any CPU
		{223CDF39-8EE3-4736-A49D-4370F61F3134}.Debug|Any CPU.Build.0 = Debug|Any CPU
		{223CDF39-8EE3-4736-A49D-4370F61F3134}.Release|Any CPU.ActiveCfg = Release|Any CPU
		{223CDF39-8EE3-4736-A49D-4370F61F3134}.Release|Any CPU.Build.0 = Release|Any CPU
		{55DC2C44-EECD-4CE2-B57B-C6A00A6E8748}.Debug|Any CPU.ActiveCfg = Debug|Any CPU
		{55DC2C44-EECD-4CE2-B57B-C6A00A6E8748}.Debug|Any CPU.Build.0 = Debug|Any CPU
		{55DC2C44-EECD-4CE2-B57B-C6A00A6E8748}.Release|Any CPU.ActiveCfg = Release|Any CPU
		{55DC2C44-EECD-4CE2-B57B-C6A00A6E8748}.Release|Any CPU.Build.0 = Release|Any CPU
		{20150001-A518-4397-AB38-31013D9D7232}.Debug|Any CPU.ActiveCfg = Debug|Any CPU
		{20150001-A518-4397-AB38-31013D9D7232}.Debug|Any CPU.Build.0 = Debug|Any CPU
		{20150001-A518-4397-AB38-31013D9D7232}.Release|Any CPU.ActiveCfg = Release|Any CPU
		{20150001-A518-4397-AB38-31013D9D7232}.Release|Any CPU.Build.0 = Release|Any CPU
	EndGlobalSection
	GlobalSection(SolutionProperties) = preSolution
		HideSolutionNode = FALSE
	EndGlobalSection
	GlobalSection(NestedProjects) = preSolution
		{36A00D0D-B74D-47F3-901C-D619548CAFD0} = {02EA681E-C7D8-13C7-8484-4AC65E1B71E8}
		{94221B6C-D8FA-47FA-B34D-9099D7133328} = {02EA681E-C7D8-13C7-8484-4AC65E1B71E8}
		{5771BE80-36C3-442F-B921-67CB30E8B659} = {02EA681E-C7D8-13C7-8484-4AC65E1B71E8}
		{827A08C1-A9DA-45DA-86BC-242C277B0C5F} = {AAF6E459-9887-4F35-AAA2-A4F1D70836C5}
		{BA65F61C-A729-45F7-9BA2-9546AD9BAE8E} = {AAF6E459-9887-4F35-AAA2-A4F1D70836C5}
		{3AF891B8-A600-4C16-A093-FFF1AECB511B} = {C5F07CC2-D1A6-4ABA-B5EE-FABCB1FD3F09}
		{C186F6B2-3775-4FC4-93DE-522B87361BA5} = {C5F07CC2-D1A6-4ABA-B5EE-FABCB1FD3F09}
		{3D27DE16-BC59-43C3-A9C7-F4B88A5F4E2D} = {C5F07CC2-D1A6-4ABA-B5EE-FABCB1FD3F09}
		{C8F305F4-CF53-4FBF-85A5-A4ED0A2E6CE1} = {1210C117-7E6F-4774-A857-22A9CB715FB1}
		{E0FDC6C9-9CFC-4580-AE63-F11E50962F97} = {1210C117-7E6F-4774-A857-22A9CB715FB1}
		{63CDBFC8-308C-4BE3-824D-F6781DC69D2F} = {1210C117-7E6F-4774-A857-22A9CB715FB1}
		{223CDF39-8EE3-4736-A49D-4370F61F3134} = {E264B972-3BB1-4C7A-864B-9E6621FB5914}
		{55DC2C44-EECD-4CE2-B57B-C6A00A6E8748} = {E264B972-3BB1-4C7A-864B-9E6621FB5914}
		{20150001-A518-4397-AB38-31013D9D7232} = {E264B972-3BB1-4C7A-864B-9E6621FB5914}
	EndGlobalSection
	GlobalSection(ExtensibilityGlobals) = postSolution
		SolutionGuid = {4571A6EF-7433-4CE4-8866-40453908D782}
	EndGlobalSection
EndGlobal
